
Microsoft Visual Studio Solution File, Format Version 12.00
# Visual Studio Version 17
VisualStudioVersion = 17.7.34221.43
MinimumVisualStudioVersion = 10.0.40219.1
Project("{FAE04EC0-301F-11D3-BF4B-00C04F79EFBC}") = "AIT_CLIENT", "AIT_CLIENT\AIT_CLIENT.csproj", "{181B1E4D-88B3-4CB0-B66A-10209CADB19E}"
EndProject
Project("{FAE04EC0-301F-11D3-BF4B-00C04F79EFBC}") = "Handler", "Handler\Handler.csproj", "{B79CCF59-8EC6-485A-805E-18FF6283A516}"
EndProject
Global
	GlobalSection(SolutionConfigurationPlatforms) = preSolution
		Debug|Any CPU = Debug|Any CPU
		Release|Any CPU = Release|Any CPU
	EndGlobalSection
	GlobalSection(ProjectConfigurationPlatforms) = postSolution
		{181B1E4D-88B3-4CB0-B66A-10209CADB19E}.Debug|Any CPU.ActiveCfg = Debug|Any CPU
		{181B1E4D-88B3-4CB0-B66A-10209CADB19E}.Debug|Any CPU.Build.0 = Debug|Any CPU
		{181B1E4D-88B3-4CB0-B66A-10209CADB19E}.Release|Any CPU.ActiveCfg = Release|Any CPU
		{181B1E4D-88B3-4CB0-B66A-10209CADB19E}.Release|Any CPU.Build.0 = Release|Any CPU
		{B79CCF59-8EC6-485A-805E-18FF6283A516}.Debug|Any CPU.ActiveCfg = Debug|Any CPU
		{B79CCF59-8EC6-485A-805E-18FF6283A516}.Debug|Any CPU.Build.0 = Debug|Any CPU
		{B79CCF59-8EC6-485A-805E-18FF6283A516}.Release|Any CPU.ActiveCfg = Release|Any CPU
		{B79CCF59-8EC6-485A-805E-18FF6283A516}.Release|Any CPU.Build.0 = Release|Any CPU
	EndGlobalSection
	GlobalSection(SolutionProperties) = preSolution
		HideSolutionNode = FALSE
	EndGlobalSection
	GlobalSection(ExtensibilityGlobals) = postSolution
		SolutionGuid = {0900AD7C-9D4B-48DF-9659-CD6066670C96}
	EndGlobalSection
EndGlobal
